
Microsoft Visual Studio Solution File, Format Version 12.00
# Visual Studio Version 17
VisualStudioVersion = 17.1.32328.378
MinimumVisualStudioVersion = 10.0.40219.1
Project("{FAE04EC0-301F-11D3-BF4B-00C04F79EFBC}") = "Tir", "Tir\Tir.csproj", "{8BF3414D-B24A-4CBC-911A-961B2C2AF918}"
EndProject
Global
	GlobalSection(SolutionConfigurationPlatforms) = preSolution
		Debug|Any CPU = Debug|Any CPU
		Release|Any CPU = Release|Any CPU
	EndGlobalSection
	GlobalSection(ProjectConfigurationPlatforms) = postSolution
		{8BF3414D-B24A-4CBC-911A-961B2C2AF918}.Debug|Any CPU.ActiveCfg = Debug|Any CPU
		{8BF3414D-B24A-4CBC-911A-961B2C2AF918}.Debug|Any CPU.Build.0 = Debug|Any CPU
		{8BF3414D-B24A-4CBC-911A-961B2C2AF918}.Release|Any CPU.ActiveCfg = Release|Any CPU
		{8BF3414D-B24A-4CBC-911A-961B2C2AF918}.Release|Any CPU.Build.0 = Release|Any CPU
	EndGlobalSection
	GlobalSection(SolutionProperties) = preSolution
		HideSolutionNode = FALSE
	EndGlobalSection
	GlobalSection(ExtensibilityGlobals) = postSolution
		SolutionGuid = {36311160-CEE8-402C-BCA2-554470D52001}
	EndGlobalSection
EndGlobal
